
Microsoft Visual Studio Solution File, Format Version 12.00
# Visual Studio 14
VisualStudioVersion = 14.0.25420.1
MinimumVisualStudioVersion = 10.0.40219.1
Project("{FAE04EC0-301F-11D3-BF4B-00C04F79EFBC}") = "WCFGeneraPresupuestoNom", "WCFGeneraPresupuestoNom\WCFGeneraPresupuestoNom.csproj", "{ECF29E10-53C7-4218-9182-8D1E019AC12E}"
EndProject
Project("{FAE04EC0-301F-11D3-BF4B-00C04F79EFBC}") = "Presupuesto", "Presupuesto\Presupuesto.csproj", "{10A22913-AA43-4350-A2A3-B4075E6B73A6}"
EndProject
Global
	GlobalSection(SolutionConfigurationPlatforms) = preSolution
		Debug|Any CPU = Debug|Any CPU
		Release|Any CPU = Release|Any CPU
	EndGlobalSection
	GlobalSection(ProjectConfigurationPlatforms) = postSolution
		{ECF29E10-53C7-4218-9182-8D1E019AC12E}.Debug|Any CPU.ActiveCfg = Debug|Any CPU
		{ECF29E10-53C7-4218-9182-8D1E019AC12E}.Debug|Any CPU.Build.0 = Debug|Any CPU
		{ECF29E10-53C7-4218-9182-8D1E019AC12E}.Release|Any CPU.ActiveCfg = Release|Any CPU
		{ECF29E10-53C7-4218-9182-8D1E019AC12E}.Release|Any CPU.Build.0 = Release|Any CPU
		{10A22913-AA43-4350-A2A3-B4075E6B73A6}.Debug|Any CPU.ActiveCfg = Debug|Any CPU
		{10A22913-AA43-4350-A2A3-B4075E6B73A6}.Debug|Any CPU.Build.0 = Debug|Any CPU
		{10A22913-AA43-4350-A2A3-B4075E6B73A6}.Release|Any CPU.ActiveCfg = Release|Any CPU
		{10A22913-AA43-4350-A2A3-B4075E6B73A6}.Release|Any CPU.Build.0 = Release|Any CPU
	EndGlobalSection
	GlobalSection(SolutionProperties) = preSolution
		HideSolutionNode = FALSE
	EndGlobalSection
	GlobalSection(TeamFoundationVersionControl) = preSolution
		SccNumberOfProjects = 3
		SccEnterpriseProvider = {4CA58AB2-18FA-4F8D-95D4-32DDF27D184C}
		SccTeamFoundationServer = https://devops.udlap.mx/defaultcollection
		SccLocalPath0 = .
		SccProjectUniqueName1 = Presupuesto\\Presupuesto.csproj
		SccProjectName1 = Presupuesto
		SccLocalPath1 = Presupuesto
		SccProjectUniqueName2 = WCFGeneraPresupuestoNom\\WCFGeneraPresupuestoNom.csproj
		SccProjectName2 = WCFGeneraPresupuestoNom
		SccLocalPath2 = WCFGeneraPresupuestoNom
	EndGlobalSection
EndGlobal
